
Microsoft Visual Studio Solution File, Format Version 12.00
# Visual Studio 14
VisualStudioVersion = 14.0.25420.1
MinimumVisualStudioVersion = 10.0.40219.1
Project("{FAE04EC0-301F-11D3-BF4B-00C04F79EFBC}") = "octo_signal", "octo_signal.csproj", "{D435E442-B372-4851-AFE6-C3A0E5C1BD4E}"
EndProject
Project("{E24C65DC-7377-472B-9ABA-BC803B73C61A}") = "supreme-octo-couscous", ".", "{3110D482-5B9D-4F5F-AD72-36DBC7130D86}"
	ProjectSection(WebsiteProperties) = preProject
		TargetFrameworkMoniker = ".NETFramework,Version%3Dv4.0"
		Debug.AspNetCompiler.VirtualPath = "/localhost_56818"
		Debug.AspNetCompiler.PhysicalPath = "..\supreme-octo-couscous\"
		Debug.AspNetCompiler.TargetPath = "PrecompiledWeb\localhost_56818\"
		Debug.AspNetCompiler.Updateable = "true"
		Debug.AspNetCompiler.ForceOverwrite = "true"
		Debug.AspNetCompiler.FixedNames = "false"
		Debug.AspNetCompiler.Debug = "True"
		Release.AspNetCompiler.VirtualPath = "/localhost_56818"
		Release.AspNetCompiler.PhysicalPath = "..\supreme-octo-couscous\"
		Release.AspNetCompiler.TargetPath = "PrecompiledWeb\localhost_56818\"
		Release.AspNetCompiler.Updateable = "true"
		Release.AspNetCompiler.ForceOverwrite = "true"
		Release.AspNetCompiler.FixedNames = "false"
		Release.AspNetCompiler.Debug = "False"
		VWDPort = "56818"
		SlnRelativePath = "..\supreme-octo-couscous\"
	EndProjectSection
EndProject
Global
	GlobalSection(SolutionConfigurationPlatforms) = preSolution
		Debug|Any CPU = Debug|Any CPU
		Release|Any CPU = Release|Any CPU
	EndGlobalSection
	GlobalSection(ProjectConfigurationPlatforms) = postSolution
		{D435E442-B372-4851-AFE6-C3A0E5C1BD4E}.Debug|Any CPU.ActiveCfg = Debug|Any CPU
		{D435E442-B372-4851-AFE6-C3A0E5C1BD4E}.Debug|Any CPU.Build.0 = Debug|Any CPU
		{D435E442-B372-4851-AFE6-C3A0E5C1BD4E}.Release|Any CPU.ActiveCfg = Release|Any CPU
		{D435E442-B372-4851-AFE6-C3A0E5C1BD4E}.Release|Any CPU.Build.0 = Release|Any CPU
		{3110D482-5B9D-4F5F-AD72-36DBC7130D86}.Debug|Any CPU.ActiveCfg = Debug|Any CPU
		{3110D482-5B9D-4F5F-AD72-36DBC7130D86}.Debug|Any CPU.Build.0 = Debug|Any CPU
		{3110D482-5B9D-4F5F-AD72-36DBC7130D86}.Release|Any CPU.ActiveCfg = Debug|Any CPU
		{3110D482-5B9D-4F5F-AD72-36DBC7130D86}.Release|Any CPU.Build.0 = Debug|Any CPU
	EndGlobalSection
	GlobalSection(SolutionProperties) = preSolution
		HideSolutionNode = FALSE
	EndGlobalSection
EndGlobal
